
Microsoft Visual Studio Solution File, Format Version 12.00
# Visual Studio Version 17
VisualStudioVersion = 17.0.31903.59
MinimumVisualStudioVersion = 10.0.40219.1
Project("{FAE04EC0-301F-11D3-BF4B-00C04F79EFBC}") = "DesktopGuy.App", "src\DesktopGuy.App\DesktopGuy.App.csproj", "{3C0720E4-4216-4247-BD5F-3CBD85113286}"
EndProject
Global
	GlobalSection(SolutionConfigurationPlatforms) = preSolution
		Debug|Any CPU = Debug|Any CPU
		Release|Any CPU = Release|Any CPU
	EndGlobalSection
	GlobalSection(ProjectConfigurationPlatforms) = postSolution
		{3C0720E4-4216-4247-BD5F-3CBD85113286}.Debug|Any CPU.ActiveCfg = Debug|Any CPU
		{3C0720E4-4216-4247-BD5F-3CBD85113286}.Debug|Any CPU.Build.0 = Debug|Any CPU
		{3C0720E4-4216-4247-BD5F-3CBD85113286}.Release|Any CPU.ActiveCfg = Release|Any CPU
		{3C0720E4-4216-4247-BD5F-3CBD85113286}.Release|Any CPU.Build.0 = Release|Any CPU
	EndGlobalSection
	GlobalSection(SolutionProperties) = preSolution
		HideSolutionNode = FALSE
	EndGlobalSection
	GlobalSection(ExtensibilityGlobals) = postSolution
		SolutionGuid = {A2C65965-D894-481D-8A2A-72873010FABD}
	EndGlobalSection
EndGlobal
